
Microsoft Visual Studio Solution File, Format Version 12.00
# Visual Studio Version 17
VisualStudioVersion = 17.11.35327.3
MinimumVisualStudioVersion = 10.0.40219.1
Project("{9A19103F-16F7-4668-BE54-9A1E7A4F7556}") = "KAF.UI", "KAF.UI\KAF.UI.csproj", "{E4212017-167E-412D-BF58-E2D015537A7D}"
EndProject
Project("{9A19103F-16F7-4668-BE54-9A1E7A4F7556}") = "KAF.UI.Module", "KAF.UI.Module\KAF.UI.Module.csproj", "{9906DACB-9BD6-47D6-8091-ED866F068A8C}"
EndProject
Project("{9A19103F-16F7-4668-BE54-9A1E7A4F7556}") = "KAF.UI.Common", "KAF.UI.Common\KAF.UI.Common.csproj", "{6269B816-62B5-4909-A50A-5A287A9A2B9A}"
EndProject
Project("{2150E333-8FDC-42A3-9474-1A3956D46DE8}") = "Solution Items", "Solution Items", "{1B2083DD-BE54-4ABB-AA7B-B01BE7126B21}"
	ProjectSection(SolutionItems) = preProject
		.editorconfig = .editorconfig
		Directory.Build.props = Directory.Build.props
	EndProjectSection
EndProject
Project("{9A19103F-16F7-4668-BE54-9A1E7A4F7556}") = "DAC", "DAC\DAC.csproj", "{00CCC019-3E1C-4FF1-B866-E6534B21DA87}"
EndProject
Project("{9A19103F-16F7-4668-BE54-9A1E7A4F7556}") = "IDAC", "IDAC\IDAC.csproj", "{2399B4FA-879A-45AD-B3C9-BC1E76B2383A}"
EndProject
Project("{9A19103F-16F7-4668-BE54-9A1E7A4F7556}") = "BDO", "BDO\BDO.csproj", "{3BBB380B-2613-4DEE-BDDE-E4D326430D1E}"
EndProject
Project("{9A19103F-16F7-4668-BE54-9A1E7A4F7556}") = "CLL", "CLL\CLL.csproj", "{250C77BD-6A21-4B08-85CC-A35950A86CFB}"
EndProject
Project("{9A19103F-16F7-4668-BE54-9A1E7A4F7556}") = "BFC", "BFC\BFC.csproj", "{EE399691-A809-4FC6-BAD8-099A25CFBDB2}"
EndProject
Project("{9A19103F-16F7-4668-BE54-9A1E7A4F7556}") = "BFO", "BFO\BFO.csproj", "{EFBCEFEA-B915-4A03-85F7-909555FEBC7B}"
EndProject
Project("{9A19103F-16F7-4668-BE54-9A1E7A4F7556}") = "IBFO", "IBFO\IBFO.csproj", "{8379209A-05EF-42DE-8DA6-837BED1EEAE1}"
EndProject
Project("{2150E333-8FDC-42A3-9474-1A3956D46DE8}") = "DAContext", "DAContext", "{87988418-B35A-4759-9BC3-7FF9A78A0387}"
EndProject
Project("{2150E333-8FDC-42A3-9474-1A3956D46DE8}") = "BOContext", "BOContext", "{D7CF3C39-1DA0-437C-986E-8BBB77DDFD00}"
EndProject
Project("{2150E333-8FDC-42A3-9474-1A3956D46DE8}") = "BFContext", "BFContext", "{BA9AB982-B96D-4C4B-9727-073149908AD1}"
EndProject
Project("{2150E333-8FDC-42A3-9474-1A3956D46DE8}") = "Framework", "Framework", "{90275627-9829-4AC3-A083-B1AA9FA639A8}"
EndProject
Project("{9A19103F-16F7-4668-BE54-9A1E7A4F7556}") = "AppConfig", "AppConfig\AppConfig.csproj", "{173A3739-20D4-4BA2-8425-A78FE885D76A}"
EndProject
Project("{9A19103F-16F7-4668-BE54-9A1E7A4F7556}") = "Web.Core.Frame", "Web.Core.Frame\Web.Core.Frame.csproj", "{52E8648A-364E-4CCC-9C0A-1C62445A3539}"
EndProject
Project("{9A19103F-16F7-4668-BE54-9A1E7A4F7556}") = "Web.Api.Infrastructure", "Web.Api.Infrastructure\Web.Api.Infrastructure.csproj", "{51D216FE-B15C-4EDB-98BA-5E7C3D3690D3}"
EndProject
Project("{9A19103F-16F7-4668-BE54-9A1E7A4F7556}") = "WebApi", "WebApi\WebApi.csproj", "{109B95DD-7916-49D3-B137-F56BCCF2A971}"
EndProject
Project("{2150E333-8FDC-42A3-9474-1A3956D46DE8}") = "WPF", "WPF", "{F078F151-B8BC-4281-BFE9-8CCA7F17344E}"
EndProject
Project("{9A19103F-16F7-4668-BE54-9A1E7A4F7556}") = "KAF.Service.Proxy", "KAF.Service.Proxy\KAF.Service.Proxy.csproj", "{998A73E2-CCC8-42C5-A1CC-F103AD685DFC}"
EndProject
Global
	GlobalSection(SolutionConfigurationPlatforms) = preSolution
		Debug|Any CPU = Debug|Any CPU
		Release|Any CPU = Release|Any CPU
	EndGlobalSection
	GlobalSection(ProjectConfigurationPlatforms) = postSolution
		{E4212017-167E-412D-BF58-E2D015537A7D}.Debug|Any CPU.ActiveCfg = Debug|Any CPU
		{E4212017-167E-412D-BF58-E2D015537A7D}.Debug|Any CPU.Build.0 = Debug|Any CPU
		{E4212017-167E-412D-BF58-E2D015537A7D}.Release|Any CPU.ActiveCfg = Release|Any CPU
		{E4212017-167E-412D-BF58-E2D015537A7D}.Release|Any CPU.Build.0 = Release|Any CPU
		{9906DACB-9BD6-47D6-8091-ED866F068A8C}.Debug|Any CPU.ActiveCfg = Debug|Any CPU
		{9906DACB-9BD6-47D6-8091-ED866F068A8C}.Debug|Any CPU.Build.0 = Debug|Any CPU
		{9906DACB-9BD6-47D6-8091-ED866F068A8C}.Release|Any CPU.ActiveCfg = Release|Any CPU
		{9906DACB-9BD6-47D6-8091-ED866F068A8C}.Release|Any CPU.Build.0 = Release|Any CPU
		{6269B816-62B5-4909-A50A-5A287A9A2B9A}.Debug|Any CPU.ActiveCfg = Debug|Any CPU
		{6269B816-62B5-4909-A50A-5A287A9A2B9A}.Debug|Any CPU.Build.0 = Debug|Any CPU
		{6269B816-62B5-4909-A50A-5A287A9A2B9A}.Release|Any CPU.ActiveCfg = Release|Any CPU
		{6269B816-62B5-4909-A50A-5A287A9A2B9A}.Release|Any CPU.Build.0 = Release|Any CPU
		{00CCC019-3E1C-4FF1-B866-E6534B21DA87}.Debug|Any CPU.ActiveCfg = Debug|Any CPU
		{00CCC019-3E1C-4FF1-B866-E6534B21DA87}.Debug|Any CPU.Build.0 = Debug|Any CPU
		{00CCC019-3E1C-4FF1-B866-E6534B21DA87}.Release|Any CPU.ActiveCfg = Release|Any CPU
		{00CCC019-3E1C-4FF1-B866-E6534B21DA87}.Release|Any CPU.Build.0 = Release|Any CPU
		{2399B4FA-879A-45AD-B3C9-BC1E76B2383A}.Debug|Any CPU.ActiveCfg = Debug|Any CPU
		{2399B4FA-879A-45AD-B3C9-BC1E76B2383A}.Debug|Any CPU.Build.0 = Debug|Any CPU
		{2399B4FA-879A-45AD-B3C9-BC1E76B2383A}.Release|Any CPU.ActiveCfg = Release|Any CPU
		{2399B4FA-879A-45AD-B3C9-BC1E76B2383A}.Release|Any CPU.Build.0 = Release|Any CPU
		{3BBB380B-2613-4DEE-BDDE-E4D326430D1E}.Debug|Any CPU.ActiveCfg = Debug|Any CPU
		{3BBB380B-2613-4DEE-BDDE-E4D326430D1E}.Debug|Any CPU.Build.0 = Debug|Any CPU
		{3BBB380B-2613-4DEE-BDDE-E4D326430D1E}.Release|Any CPU.ActiveCfg = Release|Any CPU
		{3BBB380B-2613-4DEE-BDDE-E4D326430D1E}.Release|Any CPU.Build.0 = Release|Any CPU
		{250C77BD-6A21-4B08-85CC-A35950A86CFB}.Debug|Any CPU.ActiveCfg = Debug|Any CPU
		{250C77BD-6A21-4B08-85CC-A35950A86CFB}.Debug|Any CPU.Build.0 = Debug|Any CPU
		{250C77BD-6A21-4B08-85CC-A35950A86CFB}.Release|Any CPU.ActiveCfg = Release|Any CPU
		{250C77BD-6A21-4B08-85CC-A35950A86CFB}.Release|Any CPU.Build.0 = Release|Any CPU
		{EE399691-A809-4FC6-BAD8-099A25CFBDB2}.Debug|Any CPU.ActiveCfg = Debug|Any CPU
		{EE399691-A809-4FC6-BAD8-099A25CFBDB2}.Debug|Any CPU.Build.0 = Debug|Any CPU
		{EE399691-A809-4FC6-BAD8-099A25CFBDB2}.Release|Any CPU.ActiveCfg = Release|Any CPU
		{EE399691-A809-4FC6-BAD8-099A25CFBDB2}.Release|Any CPU.Build.0 = Release|Any CPU
		{EFBCEFEA-B915-4A03-85F7-909555FEBC7B}.Debug|Any CPU.ActiveCfg = Debug|Any CPU
		{EFBCEFEA-B915-4A03-85F7-909555FEBC7B}.Debug|Any CPU.Build.0 = Debug|Any CPU
		{EFBCEFEA-B915-4A03-85F7-909555FEBC7B}.Release|Any CPU.ActiveCfg = Release|Any CPU
		{EFBCEFEA-B915-4A03-85F7-909555FEBC7B}.Release|Any CPU.Build.0 = Release|Any CPU
		{8379209A-05EF-42DE-8DA6-837BED1EEAE1}.Debug|Any CPU.ActiveCfg = Debug|Any CPU
		{8379209A-05EF-42DE-8DA6-837BED1EEAE1}.Debug|Any CPU.Build.0 = Debug|Any CPU
		{8379209A-05EF-42DE-8DA6-837BED1EEAE1}.Release|Any CPU.ActiveCfg = Release|Any CPU
		{8379209A-05EF-42DE-8DA6-837BED1EEAE1}.Release|Any CPU.Build.0 = Release|Any CPU
		{173A3739-20D4-4BA2-8425-A78FE885D76A}.Debug|Any CPU.ActiveCfg = Debug|Any CPU
		{173A3739-20D4-4BA2-8425-A78FE885D76A}.Debug|Any CPU.Build.0 = Debug|Any CPU
		{173A3739-20D4-4BA2-8425-A78FE885D76A}.Release|Any CPU.ActiveCfg = Release|Any CPU
		{173A3739-20D4-4BA2-8425-A78FE885D76A}.Release|Any CPU.Build.0 = Release|Any CPU
		{52E8648A-364E-4CCC-9C0A-1C62445A3539}.Debug|Any CPU.ActiveCfg = Debug|Any CPU
		{52E8648A-364E-4CCC-9C0A-1C62445A3539}.Debug|Any CPU.Build.0 = Debug|Any CPU
		{52E8648A-364E-4CCC-9C0A-1C62445A3539}.Release|Any CPU.ActiveCfg = Release|Any CPU
		{52E8648A-364E-4CCC-9C0A-1C62445A3539}.Release|Any CPU.Build.0 = Release|Any CPU
		{51D216FE-B15C-4EDB-98BA-5E7C3D3690D3}.Debug|Any CPU.ActiveCfg = Debug|Any CPU
		{51D216FE-B15C-4EDB-98BA-5E7C3D3690D3}.Debug|Any CPU.Build.0 = Debug|Any CPU
		{51D216FE-B15C-4EDB-98BA-5E7C3D3690D3}.Release|Any CPU.ActiveCfg = Release|Any CPU
		{51D216FE-B15C-4EDB-98BA-5E7C3D3690D3}.Release|Any CPU.Build.0 = Release|Any CPU
		{109B95DD-7916-49D3-B137-F56BCCF2A971}.Debug|Any CPU.ActiveCfg = Debug|Any CPU
		{109B95DD-7916-49D3-B137-F56BCCF2A971}.Debug|Any CPU.Build.0 = Debug|Any CPU
		{109B95DD-7916-49D3-B137-F56BCCF2A971}.Release|Any CPU.ActiveCfg = Release|Any CPU
		{109B95DD-7916-49D3-B137-F56BCCF2A971}.Release|Any CPU.Build.0 = Release|Any CPU
		{998A73E2-CCC8-42C5-A1CC-F103AD685DFC}.Debug|Any CPU.ActiveCfg = Debug|Any CPU
		{998A73E2-CCC8-42C5-A1CC-F103AD685DFC}.Debug|Any CPU.Build.0 = Debug|Any CPU
		{998A73E2-CCC8-42C5-A1CC-F103AD685DFC}.Release|Any CPU.ActiveCfg = Release|Any CPU
		{998A73E2-CCC8-42C5-A1CC-F103AD685DFC}.Release|Any CPU.Build.0 = Release|Any CPU
	EndGlobalSection
	GlobalSection(SolutionProperties) = preSolution
		HideSolutionNode = FALSE
	EndGlobalSection
	GlobalSection(NestedProjects) = preSolution
		{9906DACB-9BD6-47D6-8091-ED866F068A8C} = {F078F151-B8BC-4281-BFE9-8CCA7F17344E}
		{6269B816-62B5-4909-A50A-5A287A9A2B9A} = {F078F151-B8BC-4281-BFE9-8CCA7F17344E}
		{00CCC019-3E1C-4FF1-B866-E6534B21DA87} = {87988418-B35A-4759-9BC3-7FF9A78A0387}
		{2399B4FA-879A-45AD-B3C9-BC1E76B2383A} = {87988418-B35A-4759-9BC3-7FF9A78A0387}
		{3BBB380B-2613-4DEE-BDDE-E4D326430D1E} = {D7CF3C39-1DA0-437C-986E-8BBB77DDFD00}
		{250C77BD-6A21-4B08-85CC-A35950A86CFB} = {D7CF3C39-1DA0-437C-986E-8BBB77DDFD00}
		{EE399691-A809-4FC6-BAD8-099A25CFBDB2} = {BA9AB982-B96D-4C4B-9727-073149908AD1}
		{EFBCEFEA-B915-4A03-85F7-909555FEBC7B} = {BA9AB982-B96D-4C4B-9727-073149908AD1}
		{8379209A-05EF-42DE-8DA6-837BED1EEAE1} = {BA9AB982-B96D-4C4B-9727-073149908AD1}
		{173A3739-20D4-4BA2-8425-A78FE885D76A} = {90275627-9829-4AC3-A083-B1AA9FA639A8}
		{52E8648A-364E-4CCC-9C0A-1C62445A3539} = {90275627-9829-4AC3-A083-B1AA9FA639A8}
		{51D216FE-B15C-4EDB-98BA-5E7C3D3690D3} = {90275627-9829-4AC3-A083-B1AA9FA639A8}
		{998A73E2-CCC8-42C5-A1CC-F103AD685DFC} = {F078F151-B8BC-4281-BFE9-8CCA7F17344E}
	EndGlobalSection
	GlobalSection(ExtensibilityGlobals) = postSolution
		SolutionGuid = {0A14B4F3-B997-4248-8ACB-32C2927C3BEB}
	EndGlobalSection
EndGlobal
